
Microsoft Visual Studio Solution File, Format Version 12.00
# Visual Studio Version 16
VisualStudioVersion = 16.0.30611.23
MinimumVisualStudioVersion = 10.0.40219.1
Project("{FAE04EC0-301F-11D3-BF4B-00C04F79EFBC}") = "Server_Widya Putri Heso P_040", "ServerdanClient_Widya Putri Heso P_040\Server_Widya Putri Heso P_040.csproj", "{B18CB8A6-576F-4AC9-AD3D-22CA78254305}"
EndProject
Project("{FAE04EC0-301F-11D3-BF4B-00C04F79EFBC}") = "Client_Widya Putri Heso P_040", "Client_Widya Putri Heso P_040\Client_Widya Putri Heso P_040.csproj", "{24013B20-FE40-4E6D-86B2-C461E874D2C7}"
EndProject
Global
	GlobalSection(SolutionConfigurationPlatforms) = preSolution
		Debug|Any CPU = Debug|Any CPU
		Release|Any CPU = Release|Any CPU
	EndGlobalSection
	GlobalSection(ProjectConfigurationPlatforms) = postSolution
		{B18CB8A6-576F-4AC9-AD3D-22CA78254305}.Debug|Any CPU.ActiveCfg = Debug|Any CPU
		{B18CB8A6-576F-4AC9-AD3D-22CA78254305}.Debug|Any CPU.Build.0 = Debug|Any CPU
		{B18CB8A6-576F-4AC9-AD3D-22CA78254305}.Release|Any CPU.ActiveCfg = Release|Any CPU
		{B18CB8A6-576F-4AC9-AD3D-22CA78254305}.Release|Any CPU.Build.0 = Release|Any CPU
		{24013B20-FE40-4E6D-86B2-C461E874D2C7}.Debug|Any CPU.ActiveCfg = Debug|Any CPU
		{24013B20-FE40-4E6D-86B2-C461E874D2C7}.Debug|Any CPU.Build.0 = Debug|Any CPU
		{24013B20-FE40-4E6D-86B2-C461E874D2C7}.Release|Any CPU.ActiveCfg = Release|Any CPU
		{24013B20-FE40-4E6D-86B2-C461E874D2C7}.Release|Any CPU.Build.0 = Release|Any CPU
	EndGlobalSection
	GlobalSection(SolutionProperties) = preSolution
		HideSolutionNode = FALSE
	EndGlobalSection
	GlobalSection(ExtensibilityGlobals) = postSolution
		SolutionGuid = {6AA07E53-47A6-4F79-9C2A-EB5ABD8178B9}
	EndGlobalSection
EndGlobal
